
Microsoft Visual Studio Solution File, Format Version 12.00
# Visual Studio Version 17
VisualStudioVersion = 17.14.36121.58 d17.14
MinimumVisualStudioVersion = 10.0.40219.1
Project("{FAE04EC0-301F-11D3-BF4B-00C04F79EFBC}") = "JSEA_Infrastructure", "JSEA.Infrastructure\JSEA_Infrastructure.csproj", "{6A900CD4-58D7-4877-94CD-6BCFD6E8F45F}"
EndProject
Project("{FAE04EC0-301F-11D3-BF4B-00C04F79EFBC}") = "JSEA_Presentation", "JSEA.Presentation\JSEA_Presentation.csproj", "{BADCADDD-120B-4E37-9EF0-0DEAD898B6B3}"
EndProject
Project("{FAE04EC0-301F-11D3-BF4B-00C04F79EFBC}") = "JSEA_Application", "JSEA_Application\JSEA_Application.csproj", "{6D129E71-8718-4C74-84CB-0639E06BA2E9}"
EndProject
Global
	GlobalSection(SolutionConfigurationPlatforms) = preSolution
		Debug|Any CPU = Debug|Any CPU
		Release|Any CPU = Release|Any CPU
	EndGlobalSection
	GlobalSection(ProjectConfigurationPlatforms) = postSolution
		{6A900CD4-58D7-4877-94CD-6BCFD6E8F45F}.Debug|Any CPU.ActiveCfg = Debug|Any CPU
		{6A900CD4-58D7-4877-94CD-6BCFD6E8F45F}.Debug|Any CPU.Build.0 = Debug|Any CPU
		{6A900CD4-58D7-4877-94CD-6BCFD6E8F45F}.Release|Any CPU.ActiveCfg = Release|Any CPU
		{6A900CD4-58D7-4877-94CD-6BCFD6E8F45F}.Release|Any CPU.Build.0 = Release|Any CPU
		{BADCADDD-120B-4E37-9EF0-0DEAD898B6B3}.Debug|Any CPU.ActiveCfg = Debug|Any CPU
		{BADCADDD-120B-4E37-9EF0-0DEAD898B6B3}.Debug|Any CPU.Build.0 = Debug|Any CPU
		{BADCADDD-120B-4E37-9EF0-0DEAD898B6B3}.Release|Any CPU.ActiveCfg = Release|Any CPU
		{BADCADDD-120B-4E37-9EF0-0DEAD898B6B3}.Release|Any CPU.Build.0 = Release|Any CPU
		{6D129E71-8718-4C74-84CB-0639E06BA2E9}.Debug|Any CPU.ActiveCfg = Debug|Any CPU
		{6D129E71-8718-4C74-84CB-0639E06BA2E9}.Debug|Any CPU.Build.0 = Debug|Any CPU
		{6D129E71-8718-4C74-84CB-0639E06BA2E9}.Release|Any CPU.ActiveCfg = Release|Any CPU
		{6D129E71-8718-4C74-84CB-0639E06BA2E9}.Release|Any CPU.Build.0 = Release|Any CPU
	EndGlobalSection
	GlobalSection(SolutionProperties) = preSolution
		HideSolutionNode = FALSE
	EndGlobalSection
	GlobalSection(ExtensibilityGlobals) = postSolution
		SolutionGuid = {DEE2ED5A-02A0-499D-BCF4-A97B2849FCFD}
	EndGlobalSection
EndGlobal
